
Microsoft Visual Studio Solution File, Format Version 12.00
# Visual Studio Version 17
VisualStudioVersion = 17.11.35208.52
MinimumVisualStudioVersion = 10.0.40219.1
Project("{FAE04EC0-301F-11D3-BF4B-00C04F79EFBC}") = "FridgeApp", "FridgeApp\FridgeApp\FridgeApp.csproj", "{D115B409-F27F-43FA-85BB-8E2DB0E5104D}"
EndProject
Project("{FAE04EC0-301F-11D3-BF4B-00C04F79EFBC}") = "FridgeApp.Client", "FridgeApp\FridgeApp.Client\FridgeApp.Client.csproj", "{B3F02469-19E8-4141-A4D2-0ACB14C8DAD8}"
EndProject
Global
	GlobalSection(SolutionConfigurationPlatforms) = preSolution
		Debug|Any CPU = Debug|Any CPU
		Release|Any CPU = Release|Any CPU
	EndGlobalSection
	GlobalSection(ProjectConfigurationPlatforms) = postSolution
		{D115B409-F27F-43FA-85BB-8E2DB0E5104D}.Debug|Any CPU.ActiveCfg = Debug|Any CPU
		{D115B409-F27F-43FA-85BB-8E2DB0E5104D}.Debug|Any CPU.Build.0 = Debug|Any CPU
		{D115B409-F27F-43FA-85BB-8E2DB0E5104D}.Release|Any CPU.ActiveCfg = Release|Any CPU
		{D115B409-F27F-43FA-85BB-8E2DB0E5104D}.Release|Any CPU.Build.0 = Release|Any CPU
		{B3F02469-19E8-4141-A4D2-0ACB14C8DAD8}.Debug|Any CPU.ActiveCfg = Debug|Any CPU
		{B3F02469-19E8-4141-A4D2-0ACB14C8DAD8}.Debug|Any CPU.Build.0 = Debug|Any CPU
		{B3F02469-19E8-4141-A4D2-0ACB14C8DAD8}.Release|Any CPU.ActiveCfg = Release|Any CPU
		{B3F02469-19E8-4141-A4D2-0ACB14C8DAD8}.Release|Any CPU.Build.0 = Release|Any CPU
	EndGlobalSection
	GlobalSection(SolutionProperties) = preSolution
		HideSolutionNode = FALSE
	EndGlobalSection
	GlobalSection(ExtensibilityGlobals) = postSolution
		SolutionGuid = {12626F9A-1CE7-4A0F-9EF3-0AA40CA096D4}
	EndGlobalSection
EndGlobal
